
Microsoft Visual Studio Solution File, Format Version 12.00
# Visual Studio Version 17
VisualStudioVersion = 17.0.32112.339
MinimumVisualStudioVersion = 10.0.40219.1
Project("{FAE04EC0-301F-11D3-BF4B-00C04F79EFBC}") = "Trader", "Trader\Trader.csproj", "{3D3A6A73-F6D5-45BA-A9F1-E91AF8E2EE09}"
EndProject
Global
	GlobalSection(SolutionConfigurationPlatforms) = preSolution
		Debug|Any CPU = Debug|Any CPU
		Release|Any CPU = Release|Any CPU
	EndGlobalSection
	GlobalSection(ProjectConfigurationPlatforms) = postSolution
		{3D3A6A73-F6D5-45BA-A9F1-E91AF8E2EE09}.Debug|Any CPU.ActiveCfg = Debug|Any CPU
		{3D3A6A73-F6D5-45BA-A9F1-E91AF8E2EE09}.Debug|Any CPU.Build.0 = Debug|Any CPU
		{3D3A6A73-F6D5-45BA-A9F1-E91AF8E2EE09}.Release|Any CPU.ActiveCfg = Release|Any CPU
		{3D3A6A73-F6D5-45BA-A9F1-E91AF8E2EE09}.Release|Any CPU.Build.0 = Release|Any CPU
	EndGlobalSection
	GlobalSection(SolutionProperties) = preSolution
		HideSolutionNode = FALSE
	EndGlobalSection
	GlobalSection(ExtensibilityGlobals) = postSolution
		SolutionGuid = {8670E17A-5588-4477-AAC4-0B15A85AB1CF}
	EndGlobalSection
EndGlobal
